
Microsoft Visual Studio Solution File, Format Version 12.00
# Visual Studio Version 17
VisualStudioVersion = 17.1.32328.378
MinimumVisualStudioVersion = 10.0.40219.1
Project("{FAE04EC0-301F-11D3-BF4B-00C04F79EFBC}") = "BankAccount", "BankAccount.csproj", "{0DB6C836-0AA5-46F7-B6E0-85EEB2DB775B}"
EndProject
Global
	GlobalSection(SolutionConfigurationPlatforms) = preSolution
		Debug|Any CPU = Debug|Any CPU
		Release|Any CPU = Release|Any CPU
	EndGlobalSection
	GlobalSection(ProjectConfigurationPlatforms) = postSolution
		{0DB6C836-0AA5-46F7-B6E0-85EEB2DB775B}.Debug|Any CPU.ActiveCfg = Debug|Any CPU
		{0DB6C836-0AA5-46F7-B6E0-85EEB2DB775B}.Debug|Any CPU.Build.0 = Debug|Any CPU
		{0DB6C836-0AA5-46F7-B6E0-85EEB2DB775B}.Release|Any CPU.ActiveCfg = Release|Any CPU
		{0DB6C836-0AA5-46F7-B6E0-85EEB2DB775B}.Release|Any CPU.Build.0 = Release|Any CPU
	EndGlobalSection
	GlobalSection(SolutionProperties) = preSolution
		HideSolutionNode = FALSE
	EndGlobalSection
	GlobalSection(ExtensibilityGlobals) = postSolution
		SolutionGuid = {0B73A488-9FA8-44EE-9ABE-9B9DB26DBF11}
	EndGlobalSection
EndGlobal
