
Microsoft Visual Studio Solution File, Format Version 12.00
# Visual Studio Version 16
VisualStudioVersion = 16.0.31702.278
MinimumVisualStudioVersion = 10.0.40219.1
Project("{9A19103F-16F7-4668-BE54-9A1E7A4F7556}") = "24.1.22  1", "24.1.22  1.csproj", "{08314716-8CA1-4E34-83E4-053AD67EFD97}"
EndProject
Project("{FAE04EC0-301F-11D3-BF4B-00C04F79EFBC}") = "24.01.22  1.3", "..\24.01.22  1.3\24.01.22  1.3.csproj", "{F8F23F78-49E9-4EBB-8DBF-5A6183A9F6DB}"
EndProject
Project("{FAE04EC0-301F-11D3-BF4B-00C04F79EFBC}") = "24.1.22  1.5", "..\24.1.22  1.5\24.1.22  1.5.csproj", "{966F8F5A-62FF-46A8-9E76-FC85670484F8}"
EndProject
Project("{FAE04EC0-301F-11D3-BF4B-00C04F79EFBC}") = "24.1.22  1.10", "..\24.1.22  1.10\24.1.22  1.10.csproj", "{67695B31-FAC6-419B-A544-F7363C633B64}"
EndProject
Project("{FAE04EC0-301F-11D3-BF4B-00C04F79EFBC}") = "24.1.22 1.12", "..\24.1.22 1.12\24.1.22 1.12.csproj", "{E4A096D2-DB60-4A0C-BC91-0662193895CF}"
EndProject
Global
	GlobalSection(SolutionConfigurationPlatforms) = preSolution
		Debug|Any CPU = Debug|Any CPU
		Release|Any CPU = Release|Any CPU
	EndGlobalSection
	GlobalSection(ProjectConfigurationPlatforms) = postSolution
		{08314716-8CA1-4E34-83E4-053AD67EFD97}.Debug|Any CPU.ActiveCfg = Debug|Any CPU
		{08314716-8CA1-4E34-83E4-053AD67EFD97}.Debug|Any CPU.Build.0 = Debug|Any CPU
		{08314716-8CA1-4E34-83E4-053AD67EFD97}.Release|Any CPU.ActiveCfg = Release|Any CPU
		{08314716-8CA1-4E34-83E4-053AD67EFD97}.Release|Any CPU.Build.0 = Release|Any CPU
		{F8F23F78-49E9-4EBB-8DBF-5A6183A9F6DB}.Debug|Any CPU.ActiveCfg = Debug|Any CPU
		{F8F23F78-49E9-4EBB-8DBF-5A6183A9F6DB}.Debug|Any CPU.Build.0 = Debug|Any CPU
		{F8F23F78-49E9-4EBB-8DBF-5A6183A9F6DB}.Release|Any CPU.ActiveCfg = Release|Any CPU
		{F8F23F78-49E9-4EBB-8DBF-5A6183A9F6DB}.Release|Any CPU.Build.0 = Release|Any CPU
		{966F8F5A-62FF-46A8-9E76-FC85670484F8}.Debug|Any CPU.ActiveCfg = Debug|Any CPU
		{966F8F5A-62FF-46A8-9E76-FC85670484F8}.Debug|Any CPU.Build.0 = Debug|Any CPU
		{966F8F5A-62FF-46A8-9E76-FC85670484F8}.Release|Any CPU.ActiveCfg = Release|Any CPU
		{966F8F5A-62FF-46A8-9E76-FC85670484F8}.Release|Any CPU.Build.0 = Release|Any CPU
		{67695B31-FAC6-419B-A544-F7363C633B64}.Debug|Any CPU.ActiveCfg = Debug|Any CPU
		{67695B31-FAC6-419B-A544-F7363C633B64}.Debug|Any CPU.Build.0 = Debug|Any CPU
		{67695B31-FAC6-419B-A544-F7363C633B64}.Release|Any CPU.ActiveCfg = Release|Any CPU
		{67695B31-FAC6-419B-A544-F7363C633B64}.Release|Any CPU.Build.0 = Release|Any CPU
		{E4A096D2-DB60-4A0C-BC91-0662193895CF}.Debug|Any CPU.ActiveCfg = Debug|Any CPU
		{E4A096D2-DB60-4A0C-BC91-0662193895CF}.Debug|Any CPU.Build.0 = Debug|Any CPU
		{E4A096D2-DB60-4A0C-BC91-0662193895CF}.Release|Any CPU.ActiveCfg = Release|Any CPU
		{E4A096D2-DB60-4A0C-BC91-0662193895CF}.Release|Any CPU.Build.0 = Release|Any CPU
	EndGlobalSection
	GlobalSection(SolutionProperties) = preSolution
		HideSolutionNode = FALSE
	EndGlobalSection
	GlobalSection(ExtensibilityGlobals) = postSolution
		SolutionGuid = {1465E272-8E1F-43C0-A539-CF560DD7FB0F}
	EndGlobalSection
EndGlobal
