
Microsoft Visual Studio Solution File, Format Version 12.00
# Visual Studio Version 17
VisualStudioVersion = 17.1.32328.378
MinimumVisualStudioVersion = 10.0.40219.1
Project("{FAE04EC0-301F-11D3-BF4B-00C04F79EFBC}") = "MdiApplication", "MdiApplication.csproj", "{C62DBEC2-52DC-41EF-8AF9-B64A2625241F}"
EndProject
Global
	GlobalSection(SolutionConfigurationPlatforms) = preSolution
		Debug|Any CPU = Debug|Any CPU
		Release|Any CPU = Release|Any CPU
	EndGlobalSection
	GlobalSection(ProjectConfigurationPlatforms) = postSolution
		{C62DBEC2-52DC-41EF-8AF9-B64A2625241F}.Debug|Any CPU.ActiveCfg = Debug|Any CPU
		{C62DBEC2-52DC-41EF-8AF9-B64A2625241F}.Debug|Any CPU.Build.0 = Debug|Any CPU
		{C62DBEC2-52DC-41EF-8AF9-B64A2625241F}.Release|Any CPU.ActiveCfg = Release|Any CPU
		{C62DBEC2-52DC-41EF-8AF9-B64A2625241F}.Release|Any CPU.Build.0 = Release|Any CPU
	EndGlobalSection
	GlobalSection(SolutionProperties) = preSolution
		HideSolutionNode = FALSE
	EndGlobalSection
	GlobalSection(ExtensibilityGlobals) = postSolution
		SolutionGuid = {45C82527-7C0D-44F4-8FC6-64434B8C8C7D}
	EndGlobalSection
EndGlobal
