
Microsoft Visual Studio Solution File, Format Version 12.00
# Visual Studio Version 17
VisualStudioVersion = 17.1.32328.378
MinimumVisualStudioVersion = 10.0.40219.1
Project("{FAE04EC0-301F-11D3-BF4B-00C04F79EFBC}") = "04 февраля22", "04 февраля22.csproj", "{FD7B7B4A-EF89-47F1-8FC1-337C1DD8FBA7}"
EndProject
Project("{FAE04EC0-301F-11D3-BF4B-00C04F79EFBC}") = "04.февраля2.22", "..\04.февраля2.22\04.февраля2.22.csproj", "{97BD755E-DE23-4745-867E-9728443FF1E0}"
EndProject
Global
	GlobalSection(SolutionConfigurationPlatforms) = preSolution
		Debug|Any CPU = Debug|Any CPU
		Release|Any CPU = Release|Any CPU
	EndGlobalSection
	GlobalSection(ProjectConfigurationPlatforms) = postSolution
		{FD7B7B4A-EF89-47F1-8FC1-337C1DD8FBA7}.Debug|Any CPU.ActiveCfg = Debug|Any CPU
		{FD7B7B4A-EF89-47F1-8FC1-337C1DD8FBA7}.Debug|Any CPU.Build.0 = Debug|Any CPU
		{FD7B7B4A-EF89-47F1-8FC1-337C1DD8FBA7}.Release|Any CPU.ActiveCfg = Release|Any CPU
		{FD7B7B4A-EF89-47F1-8FC1-337C1DD8FBA7}.Release|Any CPU.Build.0 = Release|Any CPU
		{97BD755E-DE23-4745-867E-9728443FF1E0}.Debug|Any CPU.ActiveCfg = Debug|Any CPU
		{97BD755E-DE23-4745-867E-9728443FF1E0}.Debug|Any CPU.Build.0 = Debug|Any CPU
		{97BD755E-DE23-4745-867E-9728443FF1E0}.Release|Any CPU.ActiveCfg = Release|Any CPU
		{97BD755E-DE23-4745-867E-9728443FF1E0}.Release|Any CPU.Build.0 = Release|Any CPU
	EndGlobalSection
	GlobalSection(SolutionProperties) = preSolution
		HideSolutionNode = FALSE
	EndGlobalSection
	GlobalSection(ExtensibilityGlobals) = postSolution
		SolutionGuid = {9ED65F3C-D93A-4DDC-96EB-5DA69C091A19}
	EndGlobalSection
EndGlobal
