
Microsoft Visual Studio Solution File, Format Version 12.00
# Visual Studio Version 17
VisualStudioVersion = 17.2.32526.322
MinimumVisualStudioVersion = 10.0.40219.1
Project("{FAE04EC0-301F-11D3-BF4B-00C04F79EFBC}") = "RegistrationForm", "RegistrationForm.csproj", "{C7E87E3E-DBA6-4B6B-8887-AFD63661088B}"
EndProject
Global
	GlobalSection(SolutionConfigurationPlatforms) = preSolution
		Debug|Any CPU = Debug|Any CPU
		Release|Any CPU = Release|Any CPU
	EndGlobalSection
	GlobalSection(ProjectConfigurationPlatforms) = postSolution
		{C7E87E3E-DBA6-4B6B-8887-AFD63661088B}.Debug|Any CPU.ActiveCfg = Debug|Any CPU
		{C7E87E3E-DBA6-4B6B-8887-AFD63661088B}.Debug|Any CPU.Build.0 = Debug|Any CPU
		{C7E87E3E-DBA6-4B6B-8887-AFD63661088B}.Release|Any CPU.ActiveCfg = Release|Any CPU
		{C7E87E3E-DBA6-4B6B-8887-AFD63661088B}.Release|Any CPU.Build.0 = Release|Any CPU
	EndGlobalSection
	GlobalSection(SolutionProperties) = preSolution
		HideSolutionNode = FALSE
	EndGlobalSection
	GlobalSection(ExtensibilityGlobals) = postSolution
		SolutionGuid = {A9979390-9231-4B1C-B87E-A0DD3D8F2EAE}
	EndGlobalSection
EndGlobal
