
Microsoft Visual Studio Solution File, Format Version 12.00
# Visual Studio Version 17
VisualStudioVersion = 17.1.32328.378
MinimumVisualStudioVersion = 10.0.40219.1
Project("{FAE04EC0-301F-11D3-BF4B-00C04F79EFBC}") = "лаба1", "лаба1.csproj", "{394AE753-4FA2-4FC0-9D5E-A6782F884800}"
EndProject
Global
	GlobalSection(SolutionConfigurationPlatforms) = preSolution
		Debug|Any CPU = Debug|Any CPU
		Release|Any CPU = Release|Any CPU
	EndGlobalSection
	GlobalSection(ProjectConfigurationPlatforms) = postSolution
		{394AE753-4FA2-4FC0-9D5E-A6782F884800}.Debug|Any CPU.ActiveCfg = Debug|Any CPU
		{394AE753-4FA2-4FC0-9D5E-A6782F884800}.Debug|Any CPU.Build.0 = Debug|Any CPU
		{394AE753-4FA2-4FC0-9D5E-A6782F884800}.Release|Any CPU.ActiveCfg = Release|Any CPU
		{394AE753-4FA2-4FC0-9D5E-A6782F884800}.Release|Any CPU.Build.0 = Release|Any CPU
	EndGlobalSection
	GlobalSection(SolutionProperties) = preSolution
		HideSolutionNode = FALSE
	EndGlobalSection
	GlobalSection(ExtensibilityGlobals) = postSolution
		SolutionGuid = {05112A8B-1B5A-4E26-92AD-B6A82C8C2D56}
	EndGlobalSection
EndGlobal
